
Microsoft Visual Studio Solution File, Format Version 12.00
# Visual Studio 14
VisualStudioVersion = 14.0.24720.0
MinimumVisualStudioVersion = 10.0.40219.1
Project("{FAE04EC0-301F-11D3-BF4B-00C04F79EFBC}") = "DomainEventValidation.Infra.Data", "App\DomainEventValidation.Infra.Data\DomainEventValidation.Infra.Data.csproj", "{18EFF76E-4EAC-4B33-ADB4-900059662121}"
EndProject
Project("{FAE04EC0-301F-11D3-BF4B-00C04F79EFBC}") = "DomainEventValidation.Infra.CrossCutting", "App\DomainEventValidation.Infra.CrossCutting\DomainEventValidation.Infra.CrossCutting.csproj", "{C96ED554-4A80-40DD-86F1-E1D029AEC11E}"
EndProject
Project("{FAE04EC0-301F-11D3-BF4B-00C04F79EFBC}") = "DomainEventValidation.Domain", "App\DomainEventValidation.Domain\DomainEventValidation.Domain.csproj", "{99374ACA-3051-4EEA-BD46-C956BD5AC745}"
EndProject
Project("{FAE04EC0-301F-11D3-BF4B-00C04F79EFBC}") = "DomainEventValidation.Application", "App\DomainEventValidation.Application\DomainEventValidation.Application.csproj", "{AFD3FCD4-F12A-4939-B126-D150A86FCCAC}"
EndProject
Project("{FAE04EC0-301F-11D3-BF4B-00C04F79EFBC}") = "DomainEventValidation.API", "App\DomainEventValidation.API\DomainEventValidation.API.csproj", "{ACFD6A3D-C87A-47A7-ADEA-EC9DF5FE00CF}"
EndProject
Global
	GlobalSection(SolutionConfigurationPlatforms) = preSolution
		Debug|Any CPU = Debug|Any CPU
		Release|Any CPU = Release|Any CPU
	EndGlobalSection
	GlobalSection(ProjectConfigurationPlatforms) = postSolution
		{18EFF76E-4EAC-4B33-ADB4-900059662121}.Debug|Any CPU.ActiveCfg = Debug|Any CPU
		{18EFF76E-4EAC-4B33-ADB4-900059662121}.Debug|Any CPU.Build.0 = Debug|Any CPU
		{18EFF76E-4EAC-4B33-ADB4-900059662121}.Release|Any CPU.ActiveCfg = Release|Any CPU
		{18EFF76E-4EAC-4B33-ADB4-900059662121}.Release|Any CPU.Build.0 = Release|Any CPU
		{C96ED554-4A80-40DD-86F1-E1D029AEC11E}.Debug|Any CPU.ActiveCfg = Debug|Any CPU
		{C96ED554-4A80-40DD-86F1-E1D029AEC11E}.Debug|Any CPU.Build.0 = Debug|Any CPU
		{C96ED554-4A80-40DD-86F1-E1D029AEC11E}.Release|Any CPU.ActiveCfg = Release|Any CPU
		{C96ED554-4A80-40DD-86F1-E1D029AEC11E}.Release|Any CPU.Build.0 = Release|Any CPU
		{99374ACA-3051-4EEA-BD46-C956BD5AC745}.Debug|Any CPU.ActiveCfg = Debug|Any CPU
		{99374ACA-3051-4EEA-BD46-C956BD5AC745}.Debug|Any CPU.Build.0 = Debug|Any CPU
		{99374ACA-3051-4EEA-BD46-C956BD5AC745}.Release|Any CPU.ActiveCfg = Release|Any CPU
		{99374ACA-3051-4EEA-BD46-C956BD5AC745}.Release|Any CPU.Build.0 = Release|Any CPU
		{AFD3FCD4-F12A-4939-B126-D150A86FCCAC}.Debug|Any CPU.ActiveCfg = Debug|Any CPU
		{AFD3FCD4-F12A-4939-B126-D150A86FCCAC}.Debug|Any CPU.Build.0 = Debug|Any CPU
		{AFD3FCD4-F12A-4939-B126-D150A86FCCAC}.Release|Any CPU.ActiveCfg = Release|Any CPU
		{AFD3FCD4-F12A-4939-B126-D150A86FCCAC}.Release|Any CPU.Build.0 = Release|Any CPU
		{ACFD6A3D-C87A-47A7-ADEA-EC9DF5FE00CF}.Debug|Any CPU.ActiveCfg = Debug|Any CPU
		{ACFD6A3D-C87A-47A7-ADEA-EC9DF5FE00CF}.Debug|Any CPU.Build.0 = Debug|Any CPU
		{ACFD6A3D-C87A-47A7-ADEA-EC9DF5FE00CF}.Release|Any CPU.ActiveCfg = Release|Any CPU
		{ACFD6A3D-C87A-47A7-ADEA-EC9DF5FE00CF}.Release|Any CPU.Build.0 = Release|Any CPU
	EndGlobalSection
	GlobalSection(SolutionProperties) = preSolution
		HideSolutionNode = FALSE
	EndGlobalSection
EndGlobal
